# This file was autogenerated by Stack.
# You should not edit this file by hand.
# For more information, please see the documentation at:
#   https://docs.haskellstack.org/en/stable/lock_files

packages:
- completed:
    hackage: esqueleto-2.6.0@sha256:e4672cd3baec100ef8597224abae4e030795e8a1f80abb6e0c3e2570f213a258,5154
    pantry-tree:
      size: 941
      sha256: c6af6dfb4de2e9eb75b61d84a3d429749422f6a511fb810b9fe3737104e5f9fc
  original:
    hackage: esqueleto-2.6.0
- completed:
    hackage: pwstore-fast-2.4.4@sha256:9b6a37510d8b9f37f409a8ab3babac9181afcaaa3fce8ba1c131a7ed3de30698,1351
    pantry-tree:
      size: 270
      sha256: ff4a44ede62515efe5cd366a5803f7183c811c4a0cf56eea88da94181c4844c0
  original:
    hackage: pwstore-fast-2.4.4
- completed:
    cabal-file:
      size: 3570
      sha256: 4b84b740fa7efbec418a059b46f70c7f07e06221b78a0f6d70f79ecef1f756f4
    name: persistent-migration
    version: 0.1.0
    git: https://github.com/jhb563/persistent-migration.git
    pantry-tree:
      size: 3220
      sha256: 51efeacb1c513708831ea80569716a7a83796fb734d2543589c48e4225ee888b
    commit: 9f9c5035efe58da8f58eb80e106f1271d2a13c17
  original:
    git: https://github.com/jhb563/persistent-migration.git
    commit: 9f9c5035efe58da8f58eb80e106f1271d2a13c17
snapshots:
- completed:
    size: 504553
    url: https://raw.githubusercontent.com/commercialhaskell/stackage-snapshots/master/lts/12/13.yaml
    sha256: 8bf2a28cdf049f056ec71c0e61a731ba9400c1f01ee15a73d815519d842437f2
  original: lts-12.13
